
Microsoft Visual Studio Solution File, Format Version 12.00
# Visual Studio Version 17
VisualStudioVersion = 17.4.33110.190
MinimumVisualStudioVersion = 10.0.40219.1
Project("{FAE04EC0-301F-11D3-BF4B-00C04F79EFBC}") = "StoreService.Api", "StoreService.Api\StoreService.Api.csproj", "{215F1D0A-1CA8-4CD9-81E2-CC96593052FF}"
EndProject
Project("{FAE04EC0-301F-11D3-BF4B-00C04F79EFBC}") = "StoreService.Application", "StoreService.Application\StoreService.Application.csproj", "{556507B8-429E-4332-914B-6A342B489E43}"
EndProject
Project("{FAE04EC0-301F-11D3-BF4B-00C04F79EFBC}") = "StoreService.Infrastructure", "StoreService.Infrastructure\StoreService.Infrastructure.csproj", "{48D1A711-EFDC-4026-A6C8-817CCB0ABA1F}"
EndProject
Global
	GlobalSection(SolutionConfigurationPlatforms) = preSolution
		Debug|Any CPU = Debug|Any CPU
		Release|Any CPU = Release|Any CPU
	EndGlobalSection
	GlobalSection(ProjectConfigurationPlatforms) = postSolution
		{215F1D0A-1CA8-4CD9-81E2-CC96593052FF}.Debug|Any CPU.ActiveCfg = Debug|Any CPU
		{215F1D0A-1CA8-4CD9-81E2-CC96593052FF}.Debug|Any CPU.Build.0 = Debug|Any CPU
		{215F1D0A-1CA8-4CD9-81E2-CC96593052FF}.Release|Any CPU.ActiveCfg = Release|Any CPU
		{215F1D0A-1CA8-4CD9-81E2-CC96593052FF}.Release|Any CPU.Build.0 = Release|Any CPU
		{556507B8-429E-4332-914B-6A342B489E43}.Debug|Any CPU.ActiveCfg = Debug|Any CPU
		{556507B8-429E-4332-914B-6A342B489E43}.Debug|Any CPU.Build.0 = Debug|Any CPU
		{556507B8-429E-4332-914B-6A342B489E43}.Release|Any CPU.ActiveCfg = Release|Any CPU
		{556507B8-429E-4332-914B-6A342B489E43}.Release|Any CPU.Build.0 = Release|Any CPU
		{48D1A711-EFDC-4026-A6C8-817CCB0ABA1F}.Debug|Any CPU.ActiveCfg = Debug|Any CPU
		{48D1A711-EFDC-4026-A6C8-817CCB0ABA1F}.Debug|Any CPU.Build.0 = Debug|Any CPU
		{48D1A711-EFDC-4026-A6C8-817CCB0ABA1F}.Release|Any CPU.ActiveCfg = Release|Any CPU
		{48D1A711-EFDC-4026-A6C8-817CCB0ABA1F}.Release|Any CPU.Build.0 = Release|Any CPU
	EndGlobalSection
	GlobalSection(SolutionProperties) = preSolution
		HideSolutionNode = FALSE
	EndGlobalSection
	GlobalSection(ExtensibilityGlobals) = postSolution
		SolutionGuid = {E7104820-60EC-4D42-B36A-709656296DA3}
	EndGlobalSection
EndGlobal
